
Microsoft Visual Studio Solution File, Format Version 12.00
# Visual Studio Version 17
VisualStudioVersion = 17.5.33530.505
MinimumVisualStudioVersion = 10.0.40219.1
Project("{FAE04EC0-301F-11D3-BF4B-00C04F79EFBC}") = "Snake", "Snake\Snake.csproj", "{423F817B-1925-4748-B31E-3EB11DAD1DA7}"
EndProject
Global
	GlobalSection(SolutionConfigurationPlatforms) = preSolution
		Debug|Any CPU = Debug|Any CPU
		Release|Any CPU = Release|Any CPU
	EndGlobalSection
	GlobalSection(ProjectConfigurationPlatforms) = postSolution
		{423F817B-1925-4748-B31E-3EB11DAD1DA7}.Debug|Any CPU.ActiveCfg = Debug|Any CPU
		{423F817B-1925-4748-B31E-3EB11DAD1DA7}.Debug|Any CPU.Build.0 = Debug|Any CPU
		{423F817B-1925-4748-B31E-3EB11DAD1DA7}.Release|Any CPU.ActiveCfg = Release|Any CPU
		{423F817B-1925-4748-B31E-3EB11DAD1DA7}.Release|Any CPU.Build.0 = Release|Any CPU
	EndGlobalSection
	GlobalSection(SolutionProperties) = preSolution
		HideSolutionNode = FALSE
	EndGlobalSection
	GlobalSection(ExtensibilityGlobals) = postSolution
		SolutionGuid = {CEEF60A7-D6F4-4FA1-9577-8E15488A9339}
	EndGlobalSection
EndGlobal
